// !$*UTF8*$!
{
	archiveVersion = 1;
	classes = {
	};
	objectVersion = 56;
	objects = {

/* Begin PBXBuildFile section */
		B863ADD52A51904C0008BD32 /* main.cpp in Sources */ = {isa = PBXBuildFile; fileRef = B863ADD42A51904C0008BD32 /* main.cpp */; };
		B863ADDE2A51A4BB0008BD32 /* ListNode.cpp in Sources */ = {isa = PBXBuildFile; fileRef = B863ADDC2A51A4BB0008BD32 /* ListNode.cpp */; };
		B863ADE12A52AA7D0008BD32 /* Solution.cpp in Sources */ = {isa = PBXBuildFile; fileRef = B863ADDF2A52AA7D0008BD32 /* Solution.cpp */; };
		B89874122A572B9300663C25 /* LCSample.cpp in Sources */ = {isa = PBXBuildFile; fileRef = B89874112A572B9300663C25 /* LCSample.cpp */; };
		B89874152A63C22400663C25 /* Test.cpp in Sources */ = {isa = PBXBuildFile; fileRef = B89874132A63C22400663C25 /* Test.cpp */; };
		B89874182A64DB2E00663C25 /* MinStack.cpp in Sources */ = {isa = PBXBuildFile; fileRef = B89874162A64DB2E00663C25 /* MinStack.cpp */; };
		B89874202A6518C300663C25 /* LRUCache.cpp in Sources */ = {isa = PBXBuildFile; fileRef = B898741F2A6518C300663C25 /* LRUCache.cpp */; };
		B89B090D2A67A42B003A3BE5 /* 33.txt in Resources */ = {isa = PBXBuildFile; fileRef = B89B090B2A66615B003A3BE5 /* 33.txt */; };
		B89B091B2A808536003A3BE5 /* string_to_any.cpp in Sources */ = {isa = PBXBuildFile; fileRef = B89B09192A808535003A3BE5 /* string_to_any.cpp */; };
		B89B09282A8473CC003A3BE5 /* Trie.cpp in Sources */ = {isa = PBXBuildFile; fileRef = B89B09262A8473CC003A3BE5 /* Trie.cpp */; };
		B89B09ED2A9B9A90003A3BE5 /* codec.cpp in Sources */ = {isa = PBXBuildFile; fileRef = B89B09EB2A9B9A90003A3BE5 /* codec.cpp */; };
		B8F1CC322AB9A17B007307D4 /* WP363.cpp in Sources */ = {isa = PBXBuildFile; fileRef = B8F1CC302AB9A17B007307D4 /* WP363.cpp */; };
		B8F1CC3C2ABD7B55007307D4 /* Solution2309.cpp in Sources */ = {isa = PBXBuildFile; fileRef = B8F1CC3A2ABD7B55007307D4 /* Solution2309.cpp */; };
		B8F1CC3F2ABECD1C007307D4 /* time.cpp in Sources */ = {isa = PBXBuildFile; fileRef = B8F1CC3D2ABECD1C007307D4 /* time.cpp */; };
		B8F1CC432ABEE9E2007307D4 /* LockingTree.cpp in Sources */ = {isa = PBXBuildFile; fileRef = B8F1CC412ABEE9E2007307D4 /* LockingTree.cpp */; };
		B8F1CC462AC0754C007307D4 /* LFUCache.cpp in Sources */ = {isa = PBXBuildFile; fileRef = B8F1CC442AC0754C007307D4 /* LFUCache.cpp */; };
		B8F1CC492ADAF4D0007307D4 /* DWP116.cpp in Sources */ = {isa = PBXBuildFile; fileRef = B8F1CC472ADAF4D0007307D4 /* DWP116.cpp */; };
/* End PBXBuildFile section */

/* Begin PBXCopyFilesBuildPhase section */
		B863ADCF2A51904C0008BD32 /* CopyFiles */ = {
			isa = PBXCopyFilesBuildPhase;
			buildActionMask = 2147483647;
			dstPath = /usr/share/man/man1/;
			dstSubfolderSpec = 0;
			files = (
			);
			runOnlyForDeploymentPostprocessing = 1;
		};
/* End PBXCopyFilesBuildPhase section */

/* Begin PBXFileReference section */
		B863ADD12A51904C0008BD32 /* LeetCodeCPlus */ = {isa = PBXFileReference; explicitFileType = "compiled.mach-o.executable"; includeInIndex = 0; path = LeetCodeCPlus; sourceTree = BUILT_PRODUCTS_DIR; };
		B863ADD42A51904C0008BD32 /* main.cpp */ = {isa = PBXFileReference; lastKnownFileType = sourcecode.cpp.cpp; path = main.cpp; sourceTree = "<group>"; };
		B863ADDC2A51A4BB0008BD32 /* ListNode.cpp */ = {isa = PBXFileReference; lastKnownFileType = sourcecode.cpp.cpp; path = ListNode.cpp; sourceTree = "<group>"; };
		B863ADDD2A51A4BB0008BD32 /* ListNode.hpp */ = {isa = PBXFileReference; lastKnownFileType = sourcecode.cpp.h; path = ListNode.hpp; sourceTree = "<group>"; };
		B863ADDF2A52AA7D0008BD32 /* Solution.cpp */ = {isa = PBXFileReference; lastKnownFileType = sourcecode.cpp.cpp; path = Solution.cpp; sourceTree = "<group>"; };
		B863ADE02A52AA7D0008BD32 /* Solution.hpp */ = {isa = PBXFileReference; lastKnownFileType = sourcecode.cpp.h; path = Solution.hpp; sourceTree = "<group>"; };
		B89874102A572B9300663C25 /* LCSample.hpp */ = {isa = PBXFileReference; lastKnownFileType = sourcecode.cpp.h; path = LCSample.hpp; sourceTree = "<group>"; };
		B89874112A572B9300663C25 /* LCSample.cpp */ = {isa = PBXFileReference; lastKnownFileType = sourcecode.cpp.cpp; path = LCSample.cpp; sourceTree = "<group>"; };
		B89874132A63C22400663C25 /* Test.cpp */ = {isa = PBXFileReference; lastKnownFileType = sourcecode.cpp.cpp; path = Test.cpp; sourceTree = "<group>"; };
		B89874142A63C22400663C25 /* Test.hpp */ = {isa = PBXFileReference; lastKnownFileType = sourcecode.cpp.h; path = Test.hpp; sourceTree = "<group>"; };
		B89874162A64DB2E00663C25 /* MinStack.cpp */ = {isa = PBXFileReference; lastKnownFileType = sourcecode.cpp.cpp; path = MinStack.cpp; sourceTree = "<group>"; };
		B89874172A64DB2E00663C25 /* MinStack.hpp */ = {isa = PBXFileReference; lastKnownFileType = sourcecode.cpp.h; path = MinStack.hpp; sourceTree = "<group>"; };
		B898741D2A6517B600663C25 /* LRUCache.hpp */ = {isa = PBXFileReference; fileEncoding = 4; lastKnownFileType = sourcecode.cpp.h; path = LRUCache.hpp; sourceTree = "<group>"; };
		B898741F2A6518C300663C25 /* LRUCache.cpp */ = {isa = PBXFileReference; fileEncoding = 4; lastKnownFileType = sourcecode.cpp.cpp; path = LRUCache.cpp; sourceTree = "<group>"; };
		B89B090B2A66615B003A3BE5 /* 33.txt */ = {isa = PBXFileReference; fileEncoding = 4; lastKnownFileType = text; path = 33.txt; sourceTree = "<group>"; };
		B89B09112A6A18F7003A3BE5 /* 34.txt */ = {isa = PBXFileReference; lastKnownFileType = text; path = 34.txt; sourceTree = "<group>"; };
		B89B09132A6A18F7003A3BE5 /* 64.txt */ = {isa = PBXFileReference; lastKnownFileType = text; path = 64.txt; sourceTree = "<group>"; };
		B89B09162A6A1ED2003A3BE5 /* 1.txt */ = {isa = PBXFileReference; lastKnownFileType = text; path = 1.txt; sourceTree = "<group>"; };
		B89B09182A6A8143003A3BE5 /* 63.txt */ = {isa = PBXFileReference; lastKnownFileType = text; path = 63.txt; sourceTree = "<group>"; };
		B89B09192A808535003A3BE5 /* string_to_any.cpp */ = {isa = PBXFileReference; lastKnownFileType = sourcecode.cpp.cpp; path = string_to_any.cpp; sourceTree = "<group>"; };
		B89B091A2A808536003A3BE5 /* string_to_any.hpp */ = {isa = PBXFileReference; lastKnownFileType = sourcecode.cpp.h; path = string_to_any.hpp; sourceTree = "<group>"; };
		B89B09262A8473CC003A3BE5 /* Trie.cpp */ = {isa = PBXFileReference; lastKnownFileType = sourcecode.cpp.cpp; path = Trie.cpp; sourceTree = "<group>"; };
		B89B09272A8473CC003A3BE5 /* Trie.hpp */ = {isa = PBXFileReference; lastKnownFileType = sourcecode.cpp.h; path = Trie.hpp; sourceTree = "<group>"; };
		B89B092A2A871D32003A3BE5 /* 134.txt */ = {isa = PBXFileReference; lastKnownFileType = text; path = 134.txt; sourceTree = "<group>"; };
		B89B092B2A872C30003A3BE5 /* 133.txt */ = {isa = PBXFileReference; lastKnownFileType = text; path = 133.txt; sourceTree = "<group>"; };
		B89B09EB2A9B9A90003A3BE5 /* codec.cpp */ = {isa = PBXFileReference; lastKnownFileType = sourcecode.cpp.cpp; path = codec.cpp; sourceTree = "<group>"; };
		B89B09EC2A9B9A90003A3BE5 /* codec.hpp */ = {isa = PBXFileReference; lastKnownFileType = sourcecode.cpp.h; path = codec.hpp; sourceTree = "<group>"; };
		B8F1CC302AB9A17B007307D4 /* WP363.cpp */ = {isa = PBXFileReference; lastKnownFileType = sourcecode.cpp.cpp; path = WP363.cpp; sourceTree = "<group>"; };
		B8F1CC312AB9A17B007307D4 /* WP363.hpp */ = {isa = PBXFileReference; lastKnownFileType = sourcecode.cpp.h; path = WP363.hpp; sourceTree = "<group>"; };
		B8F1CC382ABC4E0E007307D4 /* 89.txt */ = {isa = PBXFileReference; lastKnownFileType = text; path = 89.txt; sourceTree = "<group>"; };
		B8F1CC392ABC616E007307D4 /* 96.txt */ = {isa = PBXFileReference; lastKnownFileType = text; path = 96.txt; sourceTree = "<group>"; };
		B8F1CC3A2ABD7B55007307D4 /* Solution2309.cpp */ = {isa = PBXFileReference; lastKnownFileType = sourcecode.cpp.cpp; path = Solution2309.cpp; sourceTree = "<group>"; };
		B8F1CC3B2ABD7B55007307D4 /* Solution2309.hpp */ = {isa = PBXFileReference; lastKnownFileType = sourcecode.cpp.h; path = Solution2309.hpp; sourceTree = "<group>"; };
		B8F1CC3D2ABECD1C007307D4 /* time.cpp */ = {isa = PBXFileReference; lastKnownFileType = sourcecode.cpp.cpp; path = time.cpp; sourceTree = "<group>"; };
		B8F1CC3E2ABECD1C007307D4 /* time.hpp */ = {isa = PBXFileReference; lastKnownFileType = sourcecode.cpp.h; path = time.hpp; sourceTree = "<group>"; };
		B8F1CC412ABEE9E2007307D4 /* LockingTree.cpp */ = {isa = PBXFileReference; lastKnownFileType = sourcecode.cpp.cpp; path = LockingTree.cpp; sourceTree = "<group>"; };
		B8F1CC422ABEE9E2007307D4 /* LockingTree.hpp */ = {isa = PBXFileReference; lastKnownFileType = sourcecode.cpp.h; path = LockingTree.hpp; sourceTree = "<group>"; };
		B8F1CC442AC0754C007307D4 /* LFUCache.cpp */ = {isa = PBXFileReference; lastKnownFileType = sourcecode.cpp.cpp; path = LFUCache.cpp; sourceTree = "<group>"; };
		B8F1CC452AC0754C007307D4 /* LFUCache.hpp */ = {isa = PBXFileReference; lastKnownFileType = sourcecode.cpp.h; path = LFUCache.hpp; sourceTree = "<group>"; };
		B8F1CC472ADAF4D0007307D4 /* DWP116.cpp */ = {isa = PBXFileReference; lastKnownFileType = sourcecode.cpp.cpp; path = DWP116.cpp; sourceTree = "<group>"; };
		B8F1CC482ADAF4D0007307D4 /* DWP116.hpp */ = {isa = PBXFileReference; lastKnownFileType = sourcecode.cpp.h; path = DWP116.hpp; sourceTree = "<group>"; };
/* End PBXFileReference section */

/* Begin PBXFrameworksBuildPhase section */
		B863ADCE2A51904C0008BD32 /* Frameworks */ = {
			isa = PBXFrameworksBuildPhase;
			buildActionMask = 2147483647;
			files = (
			);
			runOnlyForDeploymentPostprocessing = 0;
		};
/* End PBXFrameworksBuildPhase section */

/* Begin PBXGroup section */
		B863ADC82A51904C0008BD32 = {
			isa = PBXGroup;
			children = (
				B863ADD32A51904C0008BD32 /* LeetCodeCPlus */,
				B863ADD22A51904C0008BD32 /* Products */,
			);
			sourceTree = "<group>";
		};
		B863ADD22A51904C0008BD32 /* Products */ = {
			isa = PBXGroup;
			children = (
				B863ADD12A51904C0008BD32 /* LeetCodeCPlus */,
			);
			name = Products;
			sourceTree = "<group>";
		};
		B863ADD32A51904C0008BD32 /* LeetCodeCPlus */ = {
			isa = PBXGroup;
			children = (
				B863ADD42A51904C0008BD32 /* main.cpp */,
				B863ADDF2A52AA7D0008BD32 /* Solution.cpp */,
				B863ADE02A52AA7D0008BD32 /* Solution.hpp */,
				B8F1CC3A2ABD7B55007307D4 /* Solution2309.cpp */,
				B8F1CC3B2ABD7B55007307D4 /* Solution2309.hpp */,
				B89874132A63C22400663C25 /* Test.cpp */,
				B89874142A63C22400663C25 /* Test.hpp */,
				B89B09192A808535003A3BE5 /* string_to_any.cpp */,
				B89B091A2A808536003A3BE5 /* string_to_any.hpp */,
				B8F1CC3D2ABECD1C007307D4 /* time.cpp */,
				B8F1CC3E2ABECD1C007307D4 /* time.hpp */,
				B8F1CC332AB9A315007307D4 /* WP */,
				B89874212A65199700663C25 /* Classes */,
				B89B09092A66615B003A3BE5 /* TestSample */,
				B89874112A572B9300663C25 /* LCSample.cpp */,
				B89874102A572B9300663C25 /* LCSample.hpp */,
			);
			path = LeetCodeCPlus;
			sourceTree = "<group>";
		};
		B89874212A65199700663C25 /* Classes */ = {
			isa = PBXGroup;
			children = (
				B8F1CC402ABEE9CB007307D4 /* New Group */,
				B863ADDC2A51A4BB0008BD32 /* ListNode.cpp */,
				B863ADDD2A51A4BB0008BD32 /* ListNode.hpp */,
				B89874162A64DB2E00663C25 /* MinStack.cpp */,
				B89874172A64DB2E00663C25 /* MinStack.hpp */,
				B898741F2A6518C300663C25 /* LRUCache.cpp */,
				B898741D2A6517B600663C25 /* LRUCache.hpp */,
				B8F1CC442AC0754C007307D4 /* LFUCache.cpp */,
				B8F1CC452AC0754C007307D4 /* LFUCache.hpp */,
				B89B09262A8473CC003A3BE5 /* Trie.cpp */,
				B89B09272A8473CC003A3BE5 /* Trie.hpp */,
				B89B09EB2A9B9A90003A3BE5 /* codec.cpp */,
				B89B09EC2A9B9A90003A3BE5 /* codec.hpp */,
				B8F1CC412ABEE9E2007307D4 /* LockingTree.cpp */,
				B8F1CC422ABEE9E2007307D4 /* LockingTree.hpp */,
			);
			path = Classes;
			sourceTree = "<group>";
		};
		B89B09092A66615B003A3BE5 /* TestSample */ = {
			isa = PBXGroup;
			children = (
				B8F1CC372ABC4E03007307D4 /* #84 */,
				B89B09292A871CFC003A3BE5 /* #23 */,
				B89B09152A6A1EC8003A3BE5 /* #148 */,
				B89B09102A6A18F7003A3BE5 /* #834 */,
				B89B090A2A66615B003A3BE5 /* #1851 */,
				B89B09172A6A8133003A3BE5 /* #1499 */,
			);
			path = TestSample;
			sourceTree = "<group>";
		};
		B89B090A2A66615B003A3BE5 /* #1851 */ = {
			isa = PBXGroup;
			children = (
				B89B090B2A66615B003A3BE5 /* 33.txt */,
				B89B09112A6A18F7003A3BE5 /* 34.txt */,
			);
			path = "#1851";
			sourceTree = "<group>";
		};
		B89B09102A6A18F7003A3BE5 /* #834 */ = {
			isa = PBXGroup;
			children = (
				B89B09132A6A18F7003A3BE5 /* 64.txt */,
			);
			path = "#834";
			sourceTree = "<group>";
		};
		B89B09152A6A1EC8003A3BE5 /* #148 */ = {
			isa = PBXGroup;
			children = (
				B89B09162A6A1ED2003A3BE5 /* 1.txt */,
			);
			path = "#148";
			sourceTree = "<group>";
		};
		B89B09172A6A8133003A3BE5 /* #1499 */ = {
			isa = PBXGroup;
			children = (
				B89B09182A6A8143003A3BE5 /* 63.txt */,
			);
			path = "#1499";
			sourceTree = "<group>";
		};
		B89B09292A871CFC003A3BE5 /* #23 */ = {
			isa = PBXGroup;
			children = (
				B89B092B2A872C30003A3BE5 /* 133.txt */,
				B89B092A2A871D32003A3BE5 /* 134.txt */,
			);
			path = "#23";
			sourceTree = "<group>";
		};
		B8F1CC332AB9A315007307D4 /* WP */ = {
			isa = PBXGroup;
			children = (
				B8F1CC302AB9A17B007307D4 /* WP363.cpp */,
				B8F1CC312AB9A17B007307D4 /* WP363.hpp */,
				B8F1CC472ADAF4D0007307D4 /* DWP116.cpp */,
				B8F1CC482ADAF4D0007307D4 /* DWP116.hpp */,
			);
			path = WP;
			sourceTree = "<group>";
		};
		B8F1CC372ABC4E03007307D4 /* #84 */ = {
			isa = PBXGroup;
			children = (
				B8F1CC382ABC4E0E007307D4 /* 89.txt */,
				B8F1CC392ABC616E007307D4 /* 96.txt */,
			);
			path = "#84";
			sourceTree = "<group>";
		};
		B8F1CC402ABEE9CB007307D4 /* New Group */ = {
			isa = PBXGroup;
			children = (
			);
			path = "New Group";
			sourceTree = "<group>";
		};
/* End PBXGroup section */

/* Begin PBXNativeTarget section */
		B863ADD02A51904C0008BD32 /* LeetCodeCPlus */ = {
			isa = PBXNativeTarget;
			buildConfigurationList = B863ADD82A51904C0008BD32 /* Build configuration list for PBXNativeTarget "LeetCodeCPlus" */;
			buildPhases = (
				B863ADCD2A51904C0008BD32 /* Sources */,
				B863ADCE2A51904C0008BD32 /* Frameworks */,
				B863ADCF2A51904C0008BD32 /* CopyFiles */,
				B89B090C2A67A424003A3BE5 /* Resources */,
			);
			buildRules = (
			);
			dependencies = (
			);
			name = LeetCodeCPlus;
			productName = LeetCodeCPlus;
			productReference = B863ADD12A51904C0008BD32 /* LeetCodeCPlus */;
			productType = "com.apple.product-type.tool";
		};
/* End PBXNativeTarget section */

/* Begin PBXProject section */
		B863ADC92A51904C0008BD32 /* Project object */ = {
			isa = PBXProject;
			attributes = {
				BuildIndependentTargetsInParallel = 1;
				LastUpgradeCheck = 1420;
				TargetAttributes = {
					B863ADD02A51904C0008BD32 = {
						CreatedOnToolsVersion = 14.2;
					};
				};
			};
			buildConfigurationList = B863ADCC2A51904C0008BD32 /* Build configuration list for PBXProject "LeetCodeCPlus" */;
			compatibilityVersion = "Xcode 14.0";
			developmentRegion = en;
			hasScannedForEncodings = 0;
			knownRegions = (
				en,
				Base,
			);
			mainGroup = B863ADC82A51904C0008BD32;
			productRefGroup = B863ADD22A51904C0008BD32 /* Products */;
			projectDirPath = "";
			projectRoot = "";
			targets = (
				B863ADD02A51904C0008BD32 /* LeetCodeCPlus */,
			);
		};
/* End PBXProject section */

/* Begin PBXResourcesBuildPhase section */
		B89B090C2A67A424003A3BE5 /* Resources */ = {
			isa = PBXResourcesBuildPhase;
			buildActionMask = 2147483647;
			files = (
				B89B090D2A67A42B003A3BE5 /* 33.txt in Resources */,
			);
			runOnlyForDeploymentPostprocessing = 0;
		};
/* End PBXResourcesBuildPhase section */

/* Begin PBXSourcesBuildPhase section */
		B863ADCD2A51904C0008BD32 /* Sources */ = {
			isa = PBXSourcesBuildPhase;
			buildActionMask = 2147483647;
			files = (
				B863ADE12A52AA7D0008BD32 /* Solution.cpp in Sources */,
				B89B091B2A808536003A3BE5 /* string_to_any.cpp in Sources */,
				B89874152A63C22400663C25 /* Test.cpp in Sources */,
				B8F1CC432ABEE9E2007307D4 /* LockingTree.cpp in Sources */,
				B8F1CC462AC0754C007307D4 /* LFUCache.cpp in Sources */,
				B89B09282A8473CC003A3BE5 /* Trie.cpp in Sources */,
				B8F1CC3C2ABD7B55007307D4 /* Solution2309.cpp in Sources */,
				B863ADD52A51904C0008BD32 /* main.cpp in Sources */,
				B863ADDE2A51A4BB0008BD32 /* ListNode.cpp in Sources */,
				B89874182A64DB2E00663C25 /* MinStack.cpp in Sources */,
				B89B09ED2A9B9A90003A3BE5 /* codec.cpp in Sources */,
				B8F1CC3F2ABECD1C007307D4 /* time.cpp in Sources */,
				B89874122A572B9300663C25 /* LCSample.cpp in Sources */,
				B89874202A6518C300663C25 /* LRUCache.cpp in Sources */,
				B8F1CC492ADAF4D0007307D4 /* DWP116.cpp in Sources */,
				B8F1CC322AB9A17B007307D4 /* WP363.cpp in Sources */,
			);
			runOnlyForDeploymentPostprocessing = 0;
		};
/* End PBXSourcesBuildPhase section */

/* Begin XCBuildConfiguration section */
		B863ADD62A51904C0008BD32 /* Debug */ = {
			isa = XCBuildConfiguration;
			buildSettings = {
				ALWAYS_SEARCH_USER_PATHS = NO;
				CLANG_ANALYZER_NONNULL = YES;
				CLANG_ANALYZER_NUMBER_OBJECT_CONVERSION = YES_AGGRESSIVE;
				CLANG_CXX_LANGUAGE_STANDARD = "gnu++20";
				CLANG_ENABLE_MODULES = YES;
				CLANG_ENABLE_OBJC_ARC = YES;
				CLANG_ENABLE_OBJC_WEAK = YES;
				CLANG_WARN_BLOCK_CAPTURE_AUTORELEASING = YES;
				CLANG_WARN_BOOL_CONVERSION = YES;
				CLANG_WARN_COMMA = YES;
				CLANG_WARN_CONSTANT_CONVERSION = YES;
				CLANG_WARN_DEPRECATED_OBJC_IMPLEMENTATIONS = YES;
				CLANG_WARN_DIRECT_OBJC_ISA_USAGE = YES_ERROR;
				CLANG_WARN_DOCUMENTATION_COMMENTS = YES;
				CLANG_WARN_EMPTY_BODY = YES;
				CLANG_WARN_ENUM_CONVERSION = YES;
				CLANG_WARN_INFINITE_RECURSION = YES;
				CLANG_WARN_INT_CONVERSION = YES;
				CLANG_WARN_NON_LITERAL_NULL_CONVERSION = YES;
				CLANG_WARN_OBJC_IMPLICIT_RETAIN_SELF = YES;
				CLANG_WARN_OBJC_LITERAL_CONVERSION = YES;
				CLANG_WARN_OBJC_ROOT_CLASS = YES_ERROR;
				CLANG_WARN_QUOTED_INCLUDE_IN_FRAMEWORK_HEADER = YES;
				CLANG_WARN_RANGE_LOOP_ANALYSIS = YES;
				CLANG_WARN_STRICT_PROTOTYPES = YES;
				CLANG_WARN_SUSPICIOUS_MOVE = YES;
				CLANG_WARN_UNGUARDED_AVAILABILITY = YES_AGGRESSIVE;
				CLANG_WARN_UNREACHABLE_CODE = YES;
				CLANG_WARN__DUPLICATE_METHOD_MATCH = YES;
				COPY_PHASE_STRIP = NO;
				DEBUG_INFORMATION_FORMAT = dwarf;
				ENABLE_STRICT_OBJC_MSGSEND = YES;
				ENABLE_TESTABILITY = YES;
				GCC_C_LANGUAGE_STANDARD = gnu11;
				GCC_DYNAMIC_NO_PIC = NO;
				GCC_NO_COMMON_BLOCKS = YES;
				GCC_OPTIMIZATION_LEVEL = 0;
				GCC_PREPROCESSOR_DEFINITIONS = (
					"DEBUG=1",
					"$(inherited)",
				);
				GCC_WARN_64_TO_32_BIT_CONVERSION = YES;
				GCC_WARN_ABOUT_RETURN_TYPE = YES_ERROR;
				GCC_WARN_UNDECLARED_SELECTOR = YES;
				GCC_WARN_UNINITIALIZED_AUTOS = YES_AGGRESSIVE;
				GCC_WARN_UNUSED_FUNCTION = YES;
				GCC_WARN_UNUSED_VARIABLE = YES;
				MACOSX_DEPLOYMENT_TARGET = 13.1;
				MTL_ENABLE_DEBUG_INFO = INCLUDE_SOURCE;
				MTL_FAST_MATH = YES;
				ONLY_ACTIVE_ARCH = YES;
				SDKROOT = macosx;
			};
			name = Debug;
		};
		B863ADD72A51904C0008BD32 /* Release */ = {
			isa = XCBuildConfiguration;
			buildSettings = {
				ALWAYS_SEARCH_USER_PATHS = NO;
				CLANG_ANALYZER_NONNULL = YES;
				CLANG_ANALYZER_NUMBER_OBJECT_CONVERSION = YES_AGGRESSIVE;
				CLANG_CXX_LANGUAGE_STANDARD = "gnu++20";
				CLANG_ENABLE_MODULES = YES;
				CLANG_ENABLE_OBJC_ARC = YES;
				CLANG_ENABLE_OBJC_WEAK = YES;
				CLANG_WARN_BLOCK_CAPTURE_AUTORELEASING = YES;
				CLANG_WARN_BOOL_CONVERSION = YES;
				CLANG_WARN_COMMA = YES;
				CLANG_WARN_CONSTANT_CONVERSION = YES;
				CLANG_WARN_DEPRECATED_OBJC_IMPLEMENTATIONS = YES;
				CLANG_WARN_DIRECT_OBJC_ISA_USAGE = YES_ERROR;
				CLANG_WARN_DOCUMENTATION_COMMENTS = YES;
				CLANG_WARN_EMPTY_BODY = YES;
				CLANG_WARN_ENUM_CONVERSION = YES;
				CLANG_WARN_INFINITE_RECURSION = YES;
				CLANG_WARN_INT_CONVERSION = YES;
				CLANG_WARN_NON_LITERAL_NULL_CONVERSION = YES;
				CLANG_WARN_OBJC_IMPLICIT_RETAIN_SELF = YES;
				CLANG_WARN_OBJC_LITERAL_CONVERSION = YES;
				CLANG_WARN_OBJC_ROOT_CLASS = YES_ERROR;
				CLANG_WARN_QUOTED_INCLUDE_IN_FRAMEWORK_HEADER = YES;
				CLANG_WARN_RANGE_LOOP_ANALYSIS = YES;
				CLANG_WARN_STRICT_PROTOTYPES = YES;
				CLANG_WARN_SUSPICIOUS_MOVE = YES;
				CLANG_WARN_UNGUARDED_AVAILABILITY = YES_AGGRESSIVE;
				CLANG_WARN_UNREACHABLE_CODE = YES;
				CLANG_WARN__DUPLICATE_METHOD_MATCH = YES;
				COPY_PHASE_STRIP = NO;
				DEBUG_INFORMATION_FORMAT = "dwarf-with-dsym";
				ENABLE_NS_ASSERTIONS = NO;
				ENABLE_STRICT_OBJC_MSGSEND = YES;
				GCC_C_LANGUAGE_STANDARD = gnu11;
				GCC_NO_COMMON_BLOCKS = YES;
				GCC_WARN_64_TO_32_BIT_CONVERSION = YES;
				GCC_WARN_ABOUT_RETURN_TYPE = YES_ERROR;
				GCC_WARN_UNDECLARED_SELECTOR = YES;
				GCC_WARN_UNINITIALIZED_AUTOS = YES_AGGRESSIVE;
				GCC_WARN_UNUSED_FUNCTION = YES;
				GCC_WARN_UNUSED_VARIABLE = YES;
				MACOSX_DEPLOYMENT_TARGET = 13.1;
				MTL_ENABLE_DEBUG_INFO = NO;
				MTL_FAST_MATH = YES;
				SDKROOT = macosx;
			};
			name = Release;
		};
		B863ADD92A51904C0008BD32 /* Debug */ = {
			isa = XCBuildConfiguration;
			buildSettings = {
				CODE_SIGN_STYLE = Automatic;
				DEVELOPMENT_TEAM = MB8A8WEGM4;
				ENABLE_HARDENED_RUNTIME = YES;
				PRODUCT_NAME = "$(TARGET_NAME)";
			};
			name = Debug;
		};
		B863ADDA2A51904C0008BD32 /* Release */ = {
			isa = XCBuildConfiguration;
			buildSettings = {
				CODE_SIGN_STYLE = Automatic;
				DEVELOPMENT_TEAM = MB8A8WEGM4;
				ENABLE_HARDENED_RUNTIME = YES;
				PRODUCT_NAME = "$(TARGET_NAME)";
			};
			name = Release;
		};
/* End XCBuildConfiguration section */

/* Begin XCConfigurationList section */
		B863ADCC2A51904C0008BD32 /* Build configuration list for PBXProject "LeetCodeCPlus" */ = {
			isa = XCConfigurationList;
			buildConfigurations = (
				B863ADD62A51904C0008BD32 /* Debug */,
				B863ADD72A51904C0008BD32 /* Release */,
			);
			defaultConfigurationIsVisible = 0;
			defaultConfigurationName = Release;
		};
		B863ADD82A51904C0008BD32 /* Build configuration list for PBXNativeTarget "LeetCodeCPlus" */ = {
			isa = XCConfigurationList;
			buildConfigurations = (
				B863ADD92A51904C0008BD32 /* Debug */,
				B863ADDA2A51904C0008BD32 /* Release */,
			);
			defaultConfigurationIsVisible = 0;
			defaultConfigurationName = Release;
		};
/* End XCConfigurationList section */
	};
	rootObject = B863ADC92A51904C0008BD32 /* Project object */;
}
